<?xml version="1.0" encoding="utf-8"?>
<Project ToolsVersion="4.0" xmlns="http://schemas.microsoft.com/developer/msbuild/2003">
  <ItemGroup>
    <Filter Include="Source Files">
      <UniqueIdentifier>{7FE58113-457D-41BA-9A91-066CC4BF22EC}</UniqueIdentifier>
      <Extensions>cpp;c;cxx;cc</Extensions>
    </Filter>
    <Filter Include="Header Files">
      <UniqueIdentifier>{312AB210-AD59-4019-A980-AEC837A240E1}</UniqueIdentifier>
      <Extensions>h;hpp;hxx</Extensions>
    </Filter>
  </ItemGroup>
  <ItemGroup>
    <ClCompile Include="art_logic_tests.cpp">
      <Filter>Source Files</Filter>
    </ClCompile>
    <ClCompile Include="..\dll\art_logic.cpp">
      <Filter>Source Files</Filter>
    </ClCompile>
  </ItemGroup>
  <ItemGroup>
    <ClInclude Include="..\dll\art_logic.h">
      <Filter>Header Files</Filter>
    </ClInclude>
  </ItemGroup>
</Project>
