<?xml version="1.0" encoding="utf-8"?>
<Project ToolsVersion="4.0" xmlns="http://schemas.microsoft.com/developer/msbuild/2003">
  <ItemGroup>
    <Filter Include="Source Files">
      <UniqueIdentifier>{31957EAB-B1A8-48A9-AE98-6B777619C013}</UniqueIdentifier>
      <Extensions>cpp;c;cxx;cc</Extensions>
    </Filter>
    <Filter Include="Header Files">
      <UniqueIdentifier>{4D6ED192-BE95-4506-B865-762462EE6E62}</UniqueIdentifier>
      <Extensions>h;hpp;hxx</Extensions>
    </Filter>
    <Filter Include="Resource Files">
      <UniqueIdentifier>{A37A30B5-E0EA-439D-8472-6636076A05F7}</UniqueIdentifier>
      <Extensions>rc;ico;png</Extensions>
    </Filter>
  </ItemGroup>
  <ItemGroup>
    <ClCompile Include="v34_art.cpp">
      <Filter>Source Files</Filter>
    </ClCompile>
    <ClCompile Include="art_commands.cpp">
      <Filter>Source Files</Filter>
    </ClCompile>
    <ClCompile Include="art_ffmpeg.cpp">
      <Filter>Source Files</Filter>
    </ClCompile>
    <ClCompile Include="art_gui.cpp">
      <Filter>Source Files</Filter>
    </ClCompile>
    <ClCompile Include="art_hlae.cpp">
      <Filter>Source Files</Filter>
    </ClCompile>
    <ClCompile Include="art_hlae_advancedfx.cpp">
      <Filter>Source Files</Filter>
    </ClCompile>
    <ClCompile Include="art_logging.cpp">
      <Filter>Source Files</Filter>
    </ClCompile>
    <ClCompile Include="art_logic.cpp">
      <Filter>Source Files</Filter>
    </ClCompile>
    <ClCompile Include="art_pipeline.cpp">
      <Filter>Source Files</Filter>
    </ClCompile>
    <ClCompile Include="art_render.cpp">
      <Filter>Source Files</Filter>
    </ClCompile>
    <ClCompile Include="art_runtime.cpp">
      <Filter>Source Files</Filter>
    </ClCompile>
    <ClCompile Include="art_statistics.cpp">
      <Filter>Source Files</Filter>
    </ClCompile>
    <ClCompile Include="..\third_party\advancedfx\shared\AfxMath.cpp">
      <Filter>Source Files</Filter>
    </ClCompile>
    <ClCompile Include="..\third_party\advancedfx\shared\CamPath.cpp">
      <Filter>Source Files</Filter>
    </ClCompile>
    <ClCompile Include="..\third_party\advancedfx\shared\MirvCampath.cpp">
      <Filter>Source Files</Filter>
    </ClCompile>
    <ClCompile Include="..\third_party\advancedfx\shared\MirvInput.cpp">
      <Filter>Source Files</Filter>
    </ClCompile>
    <ClCompile Include="..\third_party\imgui\imgui.cpp">
      <Filter>Source Files</Filter>
    </ClCompile>
    <ClCompile Include="..\third_party\imgui\imgui_draw.cpp">
      <Filter>Source Files</Filter>
    </ClCompile>
    <ClCompile Include="..\third_party\imgui\imgui_tables.cpp">
      <Filter>Source Files</Filter>
    </ClCompile>
    <ClCompile Include="..\third_party\imgui\imgui_widgets.cpp">
      <Filter>Source Files</Filter>
    </ClCompile>
    <ClCompile Include="..\third_party\imgui\backends\imgui_impl_win32.cpp">
      <Filter>Source Files</Filter>
    </ClCompile>
    <ClCompile Include="..\third_party\imgui\backends\imgui_impl_dx9.cpp">
      <Filter>Source Files</Filter>
    </ClCompile>
    <ClCompile Include="..\third_party\minhook\src\buffer.c">
      <Filter>Source Files</Filter>
    </ClCompile>
    <ClCompile Include="..\third_party\minhook\src\hook.c">
      <Filter>Source Files</Filter>
    </ClCompile>
    <ClCompile Include="..\third_party\minhook\src\trampoline.c">
      <Filter>Source Files</Filter>
    </ClCompile>
    <ClCompile Include="..\third_party\minhook\src\hde\hde32.c">
      <Filter>Source Files</Filter>
    </ClCompile>
  </ItemGroup>
  <ItemGroup>
    <ClInclude Include="art_ffmpeg.h">
      <Filter>Header Files</Filter>
    </ClInclude>
    <ClInclude Include="art_gui.h">
      <Filter>Header Files</Filter>
    </ClInclude>
    <ClInclude Include="art_hlae.h">
      <Filter>Header Files</Filter>
    </ClInclude>
    <ClInclude Include="art_internal.h">
      <Filter>Header Files</Filter>
    </ClInclude>
    <ClInclude Include="art_logic.h">
      <Filter>Header Files</Filter>
    </ClInclude>
    <ClInclude Include="..\include\v34_art_version.h">
      <Filter>Header Files</Filter>
    </ClInclude>
    <ClInclude Include="..\third_party\advancedfx\shared\AfxConsole.h">
      <Filter>Header Files</Filter>
    </ClInclude>
    <ClInclude Include="..\third_party\advancedfx\shared\AfxMath.h">
      <Filter>Header Files</Filter>
    </ClInclude>
    <ClInclude Include="..\third_party\advancedfx\shared\CamPath.h">
      <Filter>Header Files</Filter>
    </ClInclude>
    <ClInclude Include="..\third_party\advancedfx\shared\MirvCampath.h">
      <Filter>Header Files</Filter>
    </ClInclude>
    <ClInclude Include="..\third_party\advancedfx\shared\MirvInput.h">
      <Filter>Header Files</Filter>
    </ClInclude>
    <ClInclude Include="..\third_party\advancedfx\shared\StringTools.h">
      <Filter>Header Files</Filter>
    </ClInclude>
    <ClInclude Include="..\third_party\imgui\imconfig.h">
      <Filter>Header Files</Filter>
    </ClInclude>
    <ClInclude Include="..\third_party\imgui\imgui.h">
      <Filter>Header Files</Filter>
    </ClInclude>
    <ClInclude Include="..\third_party\imgui\imgui_internal.h">
      <Filter>Header Files</Filter>
    </ClInclude>
    <ClInclude Include="..\third_party\imgui\backends\imgui_impl_win32.h">
      <Filter>Header Files</Filter>
    </ClInclude>
    <ClInclude Include="..\third_party\imgui\backends\imgui_impl_dx9.h">
      <Filter>Header Files</Filter>
    </ClInclude>
    <ClInclude Include="..\third_party\minhook\include\MinHook.h">
      <Filter>Header Files</Filter>
    </ClInclude>
    <ClInclude Include="..\third_party\minhook\src\buffer.h">
      <Filter>Header Files</Filter>
    </ClInclude>
    <ClInclude Include="..\third_party\minhook\src\trampoline.h">
      <Filter>Header Files</Filter>
    </ClInclude>
    <ClInclude Include="..\third_party\minhook\src\hde\hde32.h">
      <Filter>Header Files</Filter>
    </ClInclude>
    <ClInclude Include="..\third_party\minhook\src\hde\pstdint.h">
      <Filter>Header Files</Filter>
    </ClInclude>
    <ClInclude Include="..\third_party\minhook\src\hde\table32.h">
      <Filter>Header Files</Filter>
    </ClInclude>
  </ItemGroup>
  <ItemGroup>
    <ResourceCompile Include="v34_art.rc">
      <Filter>Resource Files</Filter>
    </ResourceCompile>
    <Image Include="..\assets\art_icon.ico">
      <Filter>Resource Files</Filter>
    </Image>
    <Image Include="..\assets\art_icon.png">
      <Filter>Resource Files</Filter>
    </Image>
  </ItemGroup>
</Project>
